
Microsoft Visual Studio Solution File, Format Version 12.00
# Visual Studio 15
VisualStudioVersion = 15.0.34031.82
MinimumVisualStudioVersion = 10.0.40219.1
Project("{8BC9CEB8-8B4A-11D0-8D11-00A0C91BC942}") = "3.18", "3.18\3.18.vcxproj", "{BD49BB1A-81C7-4DA0-8733-FFF605DCB52E}"
EndProject
Global
	GlobalSection(SolutionConfigurationPlatforms) = preSolution
		Debug|x64 = Debug|x64
		Debug|x86 = Debug|x86
		Release|x64 = Release|x64
		Release|x86 = Release|x86
	EndGlobalSection
	GlobalSection(ProjectConfigurationPlatforms) = postSolution
		{BD49BB1A-81C7-4DA0-8733-FFF605DCB52E}.Debug|x64.ActiveCfg = Debug|x64
		{BD49BB1A-81C7-4DA0-8733-FFF605DCB52E}.Debug|x64.Build.0 = Debug|x64
		{BD49BB1A-81C7-4DA0-8733-FFF605DCB52E}.Debug|x86.ActiveCfg = Debug|Win32
		{BD49BB1A-81C7-4DA0-8733-FFF605DCB52E}.Debug|x86.Build.0 = Debug|Win32
		{BD49BB1A-81C7-4DA0-8733-FFF605DCB52E}.Release|x64.ActiveCfg = Release|x64
		{BD49BB1A-81C7-4DA0-8733-FFF605DCB52E}.Release|x64.Build.0 = Release|x64
		{BD49BB1A-81C7-4DA0-8733-FFF605DCB52E}.Release|x86.ActiveCfg = Release|Win32
		{BD49BB1A-81C7-4DA0-8733-FFF605DCB52E}.Release|x86.Build.0 = Release|Win32
	EndGlobalSection
	GlobalSection(SolutionProperties) = preSolution
		HideSolutionNode = FALSE
	EndGlobalSection
	GlobalSection(ExtensibilityGlobals) = postSolution
		SolutionGuid = {3014A9C1-AB8A-46DA-8D4C-E186E2C1FB90}
	EndGlobalSection
EndGlobal
