
Microsoft Visual Studio Solution File, Format Version 12.00
# Visual Studio 15
VisualStudioVersion = 15.0.34031.82
MinimumVisualStudioVersion = 10.0.40219.1
Project("{8BC9CEB8-8B4A-11D0-8D11-00A0C91BC942}") = "2.26", "2.26\2.26.vcxproj", "{0CF0F916-B93B-4309-86EE-13CEB736734F}"
EndProject
Global
	GlobalSection(SolutionConfigurationPlatforms) = preSolution
		Debug|x64 = Debug|x64
		Debug|x86 = Debug|x86
		Release|x64 = Release|x64
		Release|x86 = Release|x86
	EndGlobalSection
	GlobalSection(ProjectConfigurationPlatforms) = postSolution
		{0CF0F916-B93B-4309-86EE-13CEB736734F}.Debug|x64.ActiveCfg = Debug|x64
		{0CF0F916-B93B-4309-86EE-13CEB736734F}.Debug|x64.Build.0 = Debug|x64
		{0CF0F916-B93B-4309-86EE-13CEB736734F}.Debug|x86.ActiveCfg = Debug|Win32
		{0CF0F916-B93B-4309-86EE-13CEB736734F}.Debug|x86.Build.0 = Debug|Win32
		{0CF0F916-B93B-4309-86EE-13CEB736734F}.Release|x64.ActiveCfg = Release|x64
		{0CF0F916-B93B-4309-86EE-13CEB736734F}.Release|x64.Build.0 = Release|x64
		{0CF0F916-B93B-4309-86EE-13CEB736734F}.Release|x86.ActiveCfg = Release|Win32
		{0CF0F916-B93B-4309-86EE-13CEB736734F}.Release|x86.Build.0 = Release|Win32
	EndGlobalSection
	GlobalSection(SolutionProperties) = preSolution
		HideSolutionNode = FALSE
	EndGlobalSection
	GlobalSection(ExtensibilityGlobals) = postSolution
		SolutionGuid = {B2E3E28A-83F3-409F-9DD8-001694B50277}
	EndGlobalSection
EndGlobal
