
Microsoft Visual Studio Solution File, Format Version 12.00
# Visual Studio 15
VisualStudioVersion = 15.0.34031.82
MinimumVisualStudioVersion = 10.0.40219.1
Project("{8BC9CEB8-8B4A-11D0-8D11-00A0C91BC942}") = "3.20", "3.20\3.20.vcxproj", "{F9F40498-6148-42FB-A7F5-A9685BB6E618}"
EndProject
Global
	GlobalSection(SolutionConfigurationPlatforms) = preSolution
		Debug|x64 = Debug|x64
		Debug|x86 = Debug|x86
		Release|x64 = Release|x64
		Release|x86 = Release|x86
	EndGlobalSection
	GlobalSection(ProjectConfigurationPlatforms) = postSolution
		{F9F40498-6148-42FB-A7F5-A9685BB6E618}.Debug|x64.ActiveCfg = Debug|x64
		{F9F40498-6148-42FB-A7F5-A9685BB6E618}.Debug|x64.Build.0 = Debug|x64
		{F9F40498-6148-42FB-A7F5-A9685BB6E618}.Debug|x86.ActiveCfg = Debug|Win32
		{F9F40498-6148-42FB-A7F5-A9685BB6E618}.Debug|x86.Build.0 = Debug|Win32
		{F9F40498-6148-42FB-A7F5-A9685BB6E618}.Release|x64.ActiveCfg = Release|x64
		{F9F40498-6148-42FB-A7F5-A9685BB6E618}.Release|x64.Build.0 = Release|x64
		{F9F40498-6148-42FB-A7F5-A9685BB6E618}.Release|x86.ActiveCfg = Release|Win32
		{F9F40498-6148-42FB-A7F5-A9685BB6E618}.Release|x86.Build.0 = Release|Win32
	EndGlobalSection
	GlobalSection(SolutionProperties) = preSolution
		HideSolutionNode = FALSE
	EndGlobalSection
	GlobalSection(ExtensibilityGlobals) = postSolution
		SolutionGuid = {78E821C2-2EAD-47FB-BD5B-80DE50F3379F}
	EndGlobalSection
EndGlobal
